
Microsoft Visual Studio Solution File, Format Version 12.00
# Visual Studio Version 17
VisualStudioVersion = 17.3.32929.385
MinimumVisualStudioVersion = 10.0.40219.1
Project("{FAE04EC0-301F-11D3-BF4B-00C04F79EFBC}") = "Skillfactory Task 8", "Skillfactory Task 8\Skillfactory Task 8.csproj", "{3E7384DD-43C7-4530-9CFF-77F1B4496158}"
EndProject
Global
	GlobalSection(SolutionConfigurationPlatforms) = preSolution
		Debug|Any CPU = Debug|Any CPU
		Release|Any CPU = Release|Any CPU
	EndGlobalSection
	GlobalSection(ProjectConfigurationPlatforms) = postSolution
		{3E7384DD-43C7-4530-9CFF-77F1B4496158}.Debug|Any CPU.ActiveCfg = Debug|Any CPU
		{3E7384DD-43C7-4530-9CFF-77F1B4496158}.Debug|Any CPU.Build.0 = Debug|Any CPU
		{3E7384DD-43C7-4530-9CFF-77F1B4496158}.Release|Any CPU.ActiveCfg = Release|Any CPU
		{3E7384DD-43C7-4530-9CFF-77F1B4496158}.Release|Any CPU.Build.0 = Release|Any CPU
	EndGlobalSection
	GlobalSection(SolutionProperties) = preSolution
		HideSolutionNode = FALSE
	EndGlobalSection
	GlobalSection(ExtensibilityGlobals) = postSolution
		SolutionGuid = {2410E879-B53B-4D74-A819-A15ECE5338CB}
	EndGlobalSection
EndGlobal
